
Microsoft Visual Studio Solution File, Format Version 12.00
# Visual Studio Version 17
VisualStudioVersion = 17.7.34024.191
MinimumVisualStudioVersion = 10.0.40219.1
Project("{FAE04EC0-301F-11D3-BF4B-00C04F79EFBC}") = "Pract4C", "Pract4C\Pract4C.csproj", "{0A007EFE-80BD-431F-A8A6-50D060A39487}"
EndProject
Global
	GlobalSection(SolutionConfigurationPlatforms) = preSolution
		Debug|Any CPU = Debug|Any CPU
		Release|Any CPU = Release|Any CPU
	EndGlobalSection
	GlobalSection(ProjectConfigurationPlatforms) = postSolution
		{0A007EFE-80BD-431F-A8A6-50D060A39487}.Debug|Any CPU.ActiveCfg = Debug|Any CPU
		{0A007EFE-80BD-431F-A8A6-50D060A39487}.Debug|Any CPU.Build.0 = Debug|Any CPU
		{0A007EFE-80BD-431F-A8A6-50D060A39487}.Release|Any CPU.ActiveCfg = Release|Any CPU
		{0A007EFE-80BD-431F-A8A6-50D060A39487}.Release|Any CPU.Build.0 = Release|Any CPU
	EndGlobalSection
	GlobalSection(SolutionProperties) = preSolution
		HideSolutionNode = FALSE
	EndGlobalSection
	GlobalSection(ExtensibilityGlobals) = postSolution
		SolutionGuid = {122CCD89-EF3F-4D51-9142-DA99A2FBD6EF}
	EndGlobalSection
EndGlobal
